
Microsoft Visual Studio Solution File, Format Version 12.00
# Visual Studio Version 17
VisualStudioVersion = 17.5.002.0
MinimumVisualStudioVersion = 10.0.40219.1
Project("{9A19103F-16F7-4668-BE54-9A1E7A4F7556}") = "Projeto_Web-Lh_Pets_Alunos", "Projeto_Web-Lh_Pets_Alunos.csproj", "{DC7AE431-7179-45DE-9403-05D0D4C9D2B4}"
EndProject
Global
	GlobalSection(SolutionConfigurationPlatforms) = preSolution
		Debug|Any CPU = Debug|Any CPU
		Release|Any CPU = Release|Any CPU
	EndGlobalSection
	GlobalSection(ProjectConfigurationPlatforms) = postSolution
		{DC7AE431-7179-45DE-9403-05D0D4C9D2B4}.Debug|Any CPU.ActiveCfg = Debug|Any CPU
		{DC7AE431-7179-45DE-9403-05D0D4C9D2B4}.Debug|Any CPU.Build.0 = Debug|Any CPU
		{DC7AE431-7179-45DE-9403-05D0D4C9D2B4}.Release|Any CPU.ActiveCfg = Release|Any CPU
		{DC7AE431-7179-45DE-9403-05D0D4C9D2B4}.Release|Any CPU.Build.0 = Release|Any CPU
	EndGlobalSection
	GlobalSection(SolutionProperties) = preSolution
		HideSolutionNode = FALSE
	EndGlobalSection
	GlobalSection(ExtensibilityGlobals) = postSolution
		SolutionGuid = {4E55BB4A-AD69-4F64-BC28-B5302DC1FD07}
	EndGlobalSection
EndGlobal
